
Microsoft Visual Studio Solution File, Format Version 12.00
# Visual Studio Version 17
VisualStudioVersion = 17.4.33110.190
MinimumVisualStudioVersion = 10.0.40219.1
Project("{FAE04EC0-301F-11D3-BF4B-00C04F79EFBC}") = "AtividadePOO_mod3", "AtividadePOO_mod3\AtividadePOO_mod3.csproj", "{F170795D-1250-4B2F-B25B-A02C5E3326DB}"
EndProject
Global
	GlobalSection(SolutionConfigurationPlatforms) = preSolution
		Debug|Any CPU = Debug|Any CPU
		Release|Any CPU = Release|Any CPU
	EndGlobalSection
	GlobalSection(ProjectConfigurationPlatforms) = postSolution
		{F170795D-1250-4B2F-B25B-A02C5E3326DB}.Debug|Any CPU.ActiveCfg = Debug|Any CPU
		{F170795D-1250-4B2F-B25B-A02C5E3326DB}.Debug|Any CPU.Build.0 = Debug|Any CPU
		{F170795D-1250-4B2F-B25B-A02C5E3326DB}.Release|Any CPU.ActiveCfg = Release|Any CPU
		{F170795D-1250-4B2F-B25B-A02C5E3326DB}.Release|Any CPU.Build.0 = Release|Any CPU
	EndGlobalSection
	GlobalSection(SolutionProperties) = preSolution
		HideSolutionNode = FALSE
	EndGlobalSection
	GlobalSection(ExtensibilityGlobals) = postSolution
		SolutionGuid = {0F2C2F08-54B2-4897-9613-6F464A726732}
	EndGlobalSection
EndGlobal
