
Microsoft Visual Studio Solution File, Format Version 12.00
# Visual Studio Version 17
VisualStudioVersion = 17.4.33110.190
MinimumVisualStudioVersion = 10.0.40219.1
Project("{FAE04EC0-301F-11D3-BF4B-00C04F79EFBC}") = "projeto_estacionamento_mod3", "projeto_estacionamento_mod3\projeto_estacionamento_mod3.csproj", "{7A705A68-5533-4426-93AB-1FE130149FDA}"
EndProject
Global
	GlobalSection(SolutionConfigurationPlatforms) = preSolution
		Debug|Any CPU = Debug|Any CPU
		Release|Any CPU = Release|Any CPU
	EndGlobalSection
	GlobalSection(ProjectConfigurationPlatforms) = postSolution
		{7A705A68-5533-4426-93AB-1FE130149FDA}.Debug|Any CPU.ActiveCfg = Debug|Any CPU
		{7A705A68-5533-4426-93AB-1FE130149FDA}.Debug|Any CPU.Build.0 = Debug|Any CPU
		{7A705A68-5533-4426-93AB-1FE130149FDA}.Release|Any CPU.ActiveCfg = Release|Any CPU
		{7A705A68-5533-4426-93AB-1FE130149FDA}.Release|Any CPU.Build.0 = Release|Any CPU
	EndGlobalSection
	GlobalSection(SolutionProperties) = preSolution
		HideSolutionNode = FALSE
	EndGlobalSection
	GlobalSection(ExtensibilityGlobals) = postSolution
		SolutionGuid = {2BD9D03A-0DF7-4BDA-AE76-B2F5E45EA881}
	EndGlobalSection
EndGlobal
